
Microsoft Visual Studio Solution File, Format Version 12.00
# Visual Studio Version 16
VisualStudioVersion = 16.0.32106.194
MinimumVisualStudioVersion = 10.0.40219.1
Project("{9A19103F-16F7-4668-BE54-9A1E7A4F7556}") = "PoPoy.Api", "PoPoy.Api\PoPoy.Api.csproj", "{FAC920A4-3DD2-4527-9072-AC26037F70DE}"
EndProject
Project("{9A19103F-16F7-4668-BE54-9A1E7A4F7556}") = "PoPoy.Shared", "PoPoy.Shared\PoPoy.Shared.csproj", "{1B61DBB2-2508-417E-985C-C4F91FB68538}"
EndProject
Project("{9A19103F-16F7-4668-BE54-9A1E7A4F7556}") = "PoPoy.Client", "PoPoy.Client\PoPoy.Client.csproj", "{49F2ACDC-FFF9-43BE-BFD2-3B246873B002}"
EndProject
Project("{9A19103F-16F7-4668-BE54-9A1E7A4F7556}") = "PoPoy.Admin", "PoPoy.Admin\PoPoy.Admin.csproj", "{317A2AA4-5BE1-4C8B-A93B-55657D961FD4}"
EndProject
Global
	GlobalSection(SolutionConfigurationPlatforms) = preSolution
		Debug|Any CPU = Debug|Any CPU
		Release|Any CPU = Release|Any CPU
	EndGlobalSection
	GlobalSection(ProjectConfigurationPlatforms) = postSolution
		{FAC920A4-3DD2-4527-9072-AC26037F70DE}.Debug|Any CPU.ActiveCfg = Debug|Any CPU
		{FAC920A4-3DD2-4527-9072-AC26037F70DE}.Debug|Any CPU.Build.0 = Debug|Any CPU
		{FAC920A4-3DD2-4527-9072-AC26037F70DE}.Release|Any CPU.ActiveCfg = Release|Any CPU
		{FAC920A4-3DD2-4527-9072-AC26037F70DE}.Release|Any CPU.Build.0 = Release|Any CPU
		{1B61DBB2-2508-417E-985C-C4F91FB68538}.Debug|Any CPU.ActiveCfg = Debug|Any CPU
		{1B61DBB2-2508-417E-985C-C4F91FB68538}.Debug|Any CPU.Build.0 = Debug|Any CPU
		{1B61DBB2-2508-417E-985C-C4F91FB68538}.Release|Any CPU.ActiveCfg = Release|Any CPU
		{1B61DBB2-2508-417E-985C-C4F91FB68538}.Release|Any CPU.Build.0 = Release|Any CPU
		{49F2ACDC-FFF9-43BE-BFD2-3B246873B002}.Debug|Any CPU.ActiveCfg = Debug|Any CPU
		{49F2ACDC-FFF9-43BE-BFD2-3B246873B002}.Debug|Any CPU.Build.0 = Debug|Any CPU
		{49F2ACDC-FFF9-43BE-BFD2-3B246873B002}.Release|Any CPU.ActiveCfg = Release|Any CPU
		{49F2ACDC-FFF9-43BE-BFD2-3B246873B002}.Release|Any CPU.Build.0 = Release|Any CPU
		{317A2AA4-5BE1-4C8B-A93B-55657D961FD4}.Debug|Any CPU.ActiveCfg = Debug|Any CPU
		{317A2AA4-5BE1-4C8B-A93B-55657D961FD4}.Debug|Any CPU.Build.0 = Debug|Any CPU
		{317A2AA4-5BE1-4C8B-A93B-55657D961FD4}.Release|Any CPU.ActiveCfg = Release|Any CPU
		{317A2AA4-5BE1-4C8B-A93B-55657D961FD4}.Release|Any CPU.Build.0 = Release|Any CPU
	EndGlobalSection
	GlobalSection(SolutionProperties) = preSolution
		HideSolutionNode = FALSE
	EndGlobalSection
	GlobalSection(ExtensibilityGlobals) = postSolution
		SolutionGuid = {F7FABC32-C23B-464D-B49C-CC236BCBDC93}
	EndGlobalSection
EndGlobal
